<?xml version="1.0" encoding="utf-8"?>
<Project ToolsVersion="18.0" xmlns="http://schemas.microsoft.com/developer/msbuild/2003">
  <ItemGroup>
    <ClCompile Include="C:\Users\aaraa\neural_network_library-1\neural_network_library\examples\regression_example.cpp">
      <Filter>Source Files</Filter>
    </ClCompile>
  </ItemGroup>
  <ItemGroup>
    <CustomBuild Include="C:\Users\aaraa\neural_network_library-1\neural_network_library\CMakeLists.txt" />
  </ItemGroup>
  <ItemGroup>
    <Filter Include="Source Files">
      <UniqueIdentifier>{B92864FF-268B-3EF1-B5F2-87A4F54A5E25}</UniqueIdentifier>
    </Filter>
  </ItemGroup>
</Project>
