<?xml version="1.0" encoding="utf-8"?>
<Project ToolsVersion="18.0" xmlns="http://schemas.microsoft.com/developer/msbuild/2003">
  <ItemGroup>
    <CustomBuild Include="C:\Users\aaraa\neural_network_library-1\neural_network_library\build_comment_check\CMakeFiles\45dc22f431de8197f960a21353fbd303\generate.stamp.rule">
      <Filter>CMake Rules</Filter>
    </CustomBuild>
  </ItemGroup>
  <ItemGroup>
    <Filter Include="CMake Rules">
      <UniqueIdentifier>{B1E8616C-251D-3304-B734-A14498727777}</UniqueIdentifier>
    </Filter>
  </ItemGroup>
</Project>
