<?xml version="1.0" encoding="utf-8"?>
<Project ToolsVersion="18.0" xmlns="http://schemas.microsoft.com/developer/msbuild/2003">
  <ItemGroup>
    <ClCompile Include="C:\Users\aaraa\neural_network_library-1\neural_network_library\examples\regression_example.cpp">
      <Filter>Source Files</Filter>
    </ClCompile>
  </ItemGroup>
  <ItemGroup>
    <CustomBuild Include="C:\Users\aaraa\neural_network_library-1\neural_network_library\CMakeLists.txt" />
  </ItemGroup>
  <ItemGroup>
    <Filter Include="Source Files">
      <UniqueIdentifier>{B9B4FE0B-8F3B-33B6-8949-D6DD55AC2B86}</UniqueIdentifier>
    </Filter>
  </ItemGroup>
</Project>
